
Microsoft Visual Studio Solution File, Format Version 12.00
# Visual Studio Version 17
VisualStudioVersion = 17.2.32505.173
MinimumVisualStudioVersion = 10.0.40219.1
Project("{FAE04EC0-301F-11D3-BF4B-00C04F79EFBC}") = "PrimeiroPrograma", "PrimeiroPrograma\PrimeiroPrograma.csproj", "{7675874E-AD04-4A95-B169-7B0D2FAC4D32}"
EndProject
Global
	GlobalSection(SolutionConfigurationPlatforms) = preSolution
		Debug|Any CPU = Debug|Any CPU
		Release|Any CPU = Release|Any CPU
	EndGlobalSection
	GlobalSection(ProjectConfigurationPlatforms) = postSolution
		{7675874E-AD04-4A95-B169-7B0D2FAC4D32}.Debug|Any CPU.ActiveCfg = Debug|Any CPU
		{7675874E-AD04-4A95-B169-7B0D2FAC4D32}.Debug|Any CPU.Build.0 = Debug|Any CPU
		{7675874E-AD04-4A95-B169-7B0D2FAC4D32}.Release|Any CPU.ActiveCfg = Release|Any CPU
		{7675874E-AD04-4A95-B169-7B0D2FAC4D32}.Release|Any CPU.Build.0 = Release|Any CPU
	EndGlobalSection
	GlobalSection(SolutionProperties) = preSolution
		HideSolutionNode = FALSE
	EndGlobalSection
	GlobalSection(ExtensibilityGlobals) = postSolution
		SolutionGuid = {D71B6B60-C4E9-4D69-81B0-EB5283987300}
	EndGlobalSection
EndGlobal
